
Microsoft Visual Studio Solution File, Format Version 12.00
# Visual Studio 15
VisualStudioVersion = 15.0.26124.0
MinimumVisualStudioVersion = 15.0.26124.0
Project("{FAE04EC0-301F-11D3-BF4B-00C04F79EFBC}") = "CGOL.Core", "CGOL.Core\CGOL.Core.csproj", "{40CD1A9E-BD45-464D-B527-38C1BAE9F07A}"
EndProject
Project("{FAE04EC0-301F-11D3-BF4B-00C04F79EFBC}") = "CGOL.Core.Tests", "CGOL.Core.Tests\CGOL.Core.Tests.csproj", "{5C47DF1C-8169-43C0-AE52-C656072A35E7}"
EndProject
Global
	GlobalSection(SolutionConfigurationPlatforms) = preSolution
		Debug|Any CPU = Debug|Any CPU
		Debug|x64 = Debug|x64
		Debug|x86 = Debug|x86
		Release|Any CPU = Release|Any CPU
		Release|x64 = Release|x64
		Release|x86 = Release|x86
	EndGlobalSection
	GlobalSection(SolutionProperties) = preSolution
		HideSolutionNode = FALSE
	EndGlobalSection
	GlobalSection(ProjectConfigurationPlatforms) = postSolution
		{40CD1A9E-BD45-464D-B527-38C1BAE9F07A}.Debug|Any CPU.ActiveCfg = Debug|Any CPU
		{40CD1A9E-BD45-464D-B527-38C1BAE9F07A}.Debug|Any CPU.Build.0 = Debug|Any CPU
		{40CD1A9E-BD45-464D-B527-38C1BAE9F07A}.Debug|x64.ActiveCfg = Debug|Any CPU
		{40CD1A9E-BD45-464D-B527-38C1BAE9F07A}.Debug|x64.Build.0 = Debug|Any CPU
		{40CD1A9E-BD45-464D-B527-38C1BAE9F07A}.Debug|x86.ActiveCfg = Debug|Any CPU
		{40CD1A9E-BD45-464D-B527-38C1BAE9F07A}.Debug|x86.Build.0 = Debug|Any CPU
		{40CD1A9E-BD45-464D-B527-38C1BAE9F07A}.Release|Any CPU.ActiveCfg = Release|Any CPU
		{40CD1A9E-BD45-464D-B527-38C1BAE9F07A}.Release|Any CPU.Build.0 = Release|Any CPU
		{40CD1A9E-BD45-464D-B527-38C1BAE9F07A}.Release|x64.ActiveCfg = Release|Any CPU
		{40CD1A9E-BD45-464D-B527-38C1BAE9F07A}.Release|x64.Build.0 = Release|Any CPU
		{40CD1A9E-BD45-464D-B527-38C1BAE9F07A}.Release|x86.ActiveCfg = Release|Any CPU
		{40CD1A9E-BD45-464D-B527-38C1BAE9F07A}.Release|x86.Build.0 = Release|Any CPU
		{5C47DF1C-8169-43C0-AE52-C656072A35E7}.Debug|Any CPU.ActiveCfg = Debug|Any CPU
		{5C47DF1C-8169-43C0-AE52-C656072A35E7}.Debug|Any CPU.Build.0 = Debug|Any CPU
		{5C47DF1C-8169-43C0-AE52-C656072A35E7}.Debug|x64.ActiveCfg = Debug|Any CPU
		{5C47DF1C-8169-43C0-AE52-C656072A35E7}.Debug|x64.Build.0 = Debug|Any CPU
		{5C47DF1C-8169-43C0-AE52-C656072A35E7}.Debug|x86.ActiveCfg = Debug|Any CPU
		{5C47DF1C-8169-43C0-AE52-C656072A35E7}.Debug|x86.Build.0 = Debug|Any CPU
		{5C47DF1C-8169-43C0-AE52-C656072A35E7}.Release|Any CPU.ActiveCfg = Release|Any CPU
		{5C47DF1C-8169-43C0-AE52-C656072A35E7}.Release|Any CPU.Build.0 = Release|Any CPU
		{5C47DF1C-8169-43C0-AE52-C656072A35E7}.Release|x64.ActiveCfg = Release|Any CPU
		{5C47DF1C-8169-43C0-AE52-C656072A35E7}.Release|x64.Build.0 = Release|Any CPU
		{5C47DF1C-8169-43C0-AE52-C656072A35E7}.Release|x86.ActiveCfg = Release|Any CPU
		{5C47DF1C-8169-43C0-AE52-C656072A35E7}.Release|x86.Build.0 = Release|Any CPU
	EndGlobalSection
EndGlobal
